// !$*UTF8*$!
{
	archiveVersion = 1;
	classes = {
	};
	objectVersion = 56;
	objects = {

/* Begin PBXBuildFile section */
		9D0F1E412A44FA5E00BD3620 /* OpenAISwift in Frameworks */ = {isa = PBXBuildFile; productRef = 9D0F1E402A44FA5E00BD3620 /* OpenAISwift */; };
		9D0F1E432A44FB3E00BD3620 /* APICaller.swift in Sources */ = {isa = PBXBuildFile; fileRef = 9D0F1E422A44FB3E00BD3620 /* APICaller.swift */; };
		9D0F1E452A4574FE00BD3620 /* ChatBotViewController.swift in Sources */ = {isa = PBXBuildFile; fileRef = 9D0F1E442A4574FE00BD3620 /* ChatBotViewController.swift */; };
		9D447DB82A3EA6FC00937DA9 /* AppDelegate.swift in Sources */ = {isa = PBXBuildFile; fileRef = 9D447DB72A3EA6FC00937DA9 /* AppDelegate.swift */; };
		9D447DBA2A3EA6FC00937DA9 /* SceneDelegate.swift in Sources */ = {isa = PBXBuildFile; fileRef = 9D447DB92A3EA6FC00937DA9 /* SceneDelegate.swift */; };
		9D447DBC2A3EA6FC00937DA9 /* NoteDetailVC.swift in Sources */ = {isa = PBXBuildFile; fileRef = 9D447DBB2A3EA6FC00937DA9 /* NoteDetailVC.swift */; };
		9D447DBF2A3EA6FC00937DA9 /* Main.storyboard in Resources */ = {isa = PBXBuildFile; fileRef = 9D447DBD2A3EA6FC00937DA9 /* Main.storyboard */; };
		9D447DC22A3EA6FC00937DA9 /* QuickNotes.xcdatamodeld in Sources */ = {isa = PBXBuildFile; fileRef = 9D447DC02A3EA6FC00937DA9 /* QuickNotes.xcdatamodeld */; };
		9D447DC42A3EA6FE00937DA9 /* Assets.xcassets in Resources */ = {isa = PBXBuildFile; fileRef = 9D447DC32A3EA6FE00937DA9 /* Assets.xcassets */; };
		9D447DC72A3EA6FE00937DA9 /* LaunchScreen.storyboard in Resources */ = {isa = PBXBuildFile; fileRef = 9D447DC52A3EA6FE00937DA9 /* LaunchScreen.storyboard */; };
		9D5768BA2A3EAD8F00DE2B83 /* NoteCell.swift in Sources */ = {isa = PBXBuildFile; fileRef = 9D5768B92A3EAD8F00DE2B83 /* NoteCell.swift */; };
		9D5768BC2A3EAD9C00DE2B83 /* NoteTableView.swift in Sources */ = {isa = PBXBuildFile; fileRef = 9D5768BB2A3EAD9C00DE2B83 /* NoteTableView.swift */; };
		9D5768BE2A3EB24A00DE2B83 /* Note.swift in Sources */ = {isa = PBXBuildFile; fileRef = 9D5768BD2A3EB24A00DE2B83 /* Note.swift */; };
/* End PBXBuildFile section */

/* Begin PBXFileReference section */
		9D0F1E422A44FB3E00BD3620 /* APICaller.swift */ = {isa = PBXFileReference; lastKnownFileType = sourcecode.swift; path = APICaller.swift; sourceTree = "<group>"; };
		9D0F1E442A4574FE00BD3620 /* ChatBotViewController.swift */ = {isa = PBXFileReference; lastKnownFileType = sourcecode.swift; path = ChatBotViewController.swift; sourceTree = "<group>"; };
		9D447DB42A3EA6FC00937DA9 /* QuickNotes.app */ = {isa = PBXFileReference; explicitFileType = wrapper.application; includeInIndex = 0; path = QuickNotes.app; sourceTree = BUILT_PRODUCTS_DIR; };
		9D447DB72A3EA6FC00937DA9 /* AppDelegate.swift */ = {isa = PBXFileReference; lastKnownFileType = sourcecode.swift; path = AppDelegate.swift; sourceTree = "<group>"; };
		9D447DB92A3EA6FC00937DA9 /* SceneDelegate.swift */ = {isa = PBXFileReference; lastKnownFileType = sourcecode.swift; path = SceneDelegate.swift; sourceTree = "<group>"; };
		9D447DBB2A3EA6FC00937DA9 /* NoteDetailVC.swift */ = {isa = PBXFileReference; lastKnownFileType = sourcecode.swift; path = NoteDetailVC.swift; sourceTree = "<group>"; };
		9D447DBE2A3EA6FC00937DA9 /* Base */ = {isa = PBXFileReference; lastKnownFileType = file.storyboard; name = Base; path = Base.lproj/Main.storyboard; sourceTree = "<group>"; };
		9D447DC12A3EA6FC00937DA9 /* QuickNotes.xcdatamodel */ = {isa = PBXFileReference; lastKnownFileType = wrapper.xcdatamodel; path = QuickNotes.xcdatamodel; sourceTree = "<group>"; };
		9D447DC32A3EA6FE00937DA9 /* Assets.xcassets */ = {isa = PBXFileReference; lastKnownFileType = folder.assetcatalog; path = Assets.xcassets; sourceTree = "<group>"; };
		9D447DC62A3EA6FE00937DA9 /* Base */ = {isa = PBXFileReference; lastKnownFileType = file.storyboard; name = Base; path = Base.lproj/LaunchScreen.storyboard; sourceTree = "<group>"; };
		9D447DC82A3EA6FE00937DA9 /* Info.plist */ = {isa = PBXFileReference; lastKnownFileType = text.plist.xml; path = Info.plist; sourceTree = "<group>"; };
		9D5768B92A3EAD8F00DE2B83 /* NoteCell.swift */ = {isa = PBXFileReference; lastKnownFileType = sourcecode.swift; path = NoteCell.swift; sourceTree = "<group>"; };
		9D5768BB2A3EAD9C00DE2B83 /* NoteTableView.swift */ = {isa = PBXFileReference; lastKnownFileType = sourcecode.swift; path = NoteTableView.swift; sourceTree = "<group>"; };
		9D5768BD2A3EB24A00DE2B83 /* Note.swift */ = {isa = PBXFileReference; lastKnownFileType = sourcecode.swift; path = Note.swift; sourceTree = "<group>"; };
/* End PBXFileReference section */

/* Begin PBXFrameworksBuildPhase section */
		9D447DB12A3EA6FC00937DA9 /* Frameworks */ = {
			isa = PBXFrameworksBuildPhase;
			buildActionMask = 2147483647;
			files = (
				9D0F1E412A44FA5E00BD3620 /* OpenAISwift in Frameworks */,
			);
			runOnlyForDeploymentPostprocessing = 0;
		};
/* End PBXFrameworksBuildPhase section */

/* Begin PBXGroup section */
		9D447DAB2A3EA6FB00937DA9 = {
			isa = PBXGroup;
			children = (
				9D447DB62A3EA6FC00937DA9 /* QuickNotes */,
				9D447DB52A3EA6FC00937DA9 /* Products */,
			);
			sourceTree = "<group>";
		};
		9D447DB52A3EA6FC00937DA9 /* Products */ = {
			isa = PBXGroup;
			children = (
				9D447DB42A3EA6FC00937DA9 /* QuickNotes.app */,
			);
			name = Products;
			sourceTree = "<group>";
		};
		9D447DB62A3EA6FC00937DA9 /* QuickNotes */ = {
			isa = PBXGroup;
			children = (
				9D447DB72A3EA6FC00937DA9 /* AppDelegate.swift */,
				9D447DB92A3EA6FC00937DA9 /* SceneDelegate.swift */,
				9D447DBB2A3EA6FC00937DA9 /* NoteDetailVC.swift */,
				9D447DBD2A3EA6FC00937DA9 /* Main.storyboard */,
				9D5768B92A3EAD8F00DE2B83 /* NoteCell.swift */,
				9D5768BB2A3EAD9C00DE2B83 /* NoteTableView.swift */,
				9D447DC32A3EA6FE00937DA9 /* Assets.xcassets */,
				9D447DC52A3EA6FE00937DA9 /* LaunchScreen.storyboard */,
				9D447DC82A3EA6FE00937DA9 /* Info.plist */,
				9D447DC02A3EA6FC00937DA9 /* QuickNotes.xcdatamodeld */,
				9D5768BD2A3EB24A00DE2B83 /* Note.swift */,
				9D0F1E422A44FB3E00BD3620 /* APICaller.swift */,
				9D0F1E442A4574FE00BD3620 /* ChatBotViewController.swift */,
			);
			path = QuickNotes;
			sourceTree = "<group>";
		};
/* End PBXGroup section */

/* Begin PBXNativeTarget section */
		9D447DB32A3EA6FC00937DA9 /* QuickNotes */ = {
			isa = PBXNativeTarget;
			buildConfigurationList = 9D447DCB2A3EA6FE00937DA9 /* Build configuration list for PBXNativeTarget "QuickNotes" */;
			buildPhases = (
				9D447DB02A3EA6FC00937DA9 /* Sources */,
				9D447DB12A3EA6FC00937DA9 /* Frameworks */,
				9D447DB22A3EA6FC00937DA9 /* Resources */,
			);
			buildRules = (
			);
			dependencies = (
			);
			name = QuickNotes;
			packageProductDependencies = (
				9D0F1E402A44FA5E00BD3620 /* OpenAISwift */,
			);
			productName = QuickNotes;
			productReference = 9D447DB42A3EA6FC00937DA9 /* QuickNotes.app */;
			productType = "com.apple.product-type.application";
		};
/* End PBXNativeTarget section */

/* Begin PBXProject section */
		9D447DAC2A3EA6FB00937DA9 /* Project object */ = {
			isa = PBXProject;
			attributes = {
				BuildIndependentTargetsInParallel = 1;
				LastSwiftUpdateCheck = 1420;
				LastUpgradeCheck = 1420;
				TargetAttributes = {
					9D447DB32A3EA6FC00937DA9 = {
						CreatedOnToolsVersion = 14.2;
					};
				};
			};
			buildConfigurationList = 9D447DAF2A3EA6FC00937DA9 /* Build configuration list for PBXProject "QuickNotes" */;
			compatibilityVersion = "Xcode 14.0";
			developmentRegion = en;
			hasScannedForEncodings = 0;
			knownRegions = (
				en,
				Base,
			);
			mainGroup = 9D447DAB2A3EA6FB00937DA9;
			packageReferences = (
				9D0F1E3F2A44FA5E00BD3620 /* XCRemoteSwiftPackageReference "OpenAISwift" */,
			);
			productRefGroup = 9D447DB52A3EA6FC00937DA9 /* Products */;
			projectDirPath = "";
			projectRoot = "";
			targets = (
				9D447DB32A3EA6FC00937DA9 /* QuickNotes */,
			);
		};
/* End PBXProject section */

/* Begin PBXResourcesBuildPhase section */
		9D447DB22A3EA6FC00937DA9 /* Resources */ = {
			isa = PBXResourcesBuildPhase;
			buildActionMask = 2147483647;
			files = (
				9D447DC72A3EA6FE00937DA9 /* LaunchScreen.storyboard in Resources */,
				9D447DC42A3EA6FE00937DA9 /* Assets.xcassets in Resources */,
				9D447DBF2A3EA6FC00937DA9 /* Main.storyboard in Resources */,
			);
			runOnlyForDeploymentPostprocessing = 0;
		};
/* End PBXResourcesBuildPhase section */

/* Begin PBXSourcesBuildPhase section */
		9D447DB02A3EA6FC00937DA9 /* Sources */ = {
			isa = PBXSourcesBuildPhase;
			buildActionMask = 2147483647;
			files = (
				9D447DBC2A3EA6FC00937DA9 /* NoteDetailVC.swift in Sources */,
				9D5768BC2A3EAD9C00DE2B83 /* NoteTableView.swift in Sources */,
				9D5768BE2A3EB24A00DE2B83 /* Note.swift in Sources */,
				9D447DC22A3EA6FC00937DA9 /* QuickNotes.xcdatamodeld in Sources */,
				9D5768BA2A3EAD8F00DE2B83 /* NoteCell.swift in Sources */,
				9D447DB82A3EA6FC00937DA9 /* AppDelegate.swift in Sources */,
				9D0F1E452A4574FE00BD3620 /* ChatBotViewController.swift in Sources */,
				9D447DBA2A3EA6FC00937DA9 /* SceneDelegate.swift in Sources */,
				9D0F1E432A44FB3E00BD3620 /* APICaller.swift in Sources */,
			);
			runOnlyForDeploymentPostprocessing = 0;
		};
/* End PBXSourcesBuildPhase section */

/* Begin PBXVariantGroup section */
		9D447DBD2A3EA6FC00937DA9 /* Main.storyboard */ = {
			isa = PBXVariantGroup;
			children = (
				9D447DBE2A3EA6FC00937DA9 /* Base */,
			);
			name = Main.storyboard;
			sourceTree = "<group>";
		};
		9D447DC52A3EA6FE00937DA9 /* LaunchScreen.storyboard */ = {
			isa = PBXVariantGroup;
			children = (
				9D447DC62A3EA6FE00937DA9 /* Base */,
			);
			name = LaunchScreen.storyboard;
			sourceTree = "<group>";
		};
/* End PBXVariantGroup section */

/* Begin XCBuildConfiguration section */
		9D447DC92A3EA6FE00937DA9 /* Debug */ = {
			isa = XCBuildConfiguration;
			buildSettings = {
				ALWAYS_SEARCH_USER_PATHS = NO;
				CLANG_ANALYZER_NONNULL = YES;
				CLANG_ANALYZER_NUMBER_OBJECT_CONVERSION = YES_AGGRESSIVE;
				CLANG_CXX_LANGUAGE_STANDARD = "gnu++20";
				CLANG_ENABLE_MODULES = YES;
				CLANG_ENABLE_OBJC_ARC = YES;
				CLANG_ENABLE_OBJC_WEAK = YES;
				CLANG_WARN_BLOCK_CAPTURE_AUTORELEASING = YES;
				CLANG_WARN_BOOL_CONVERSION = YES;
				CLANG_WARN_COMMA = YES;
				CLANG_WARN_CONSTANT_CONVERSION = YES;
				CLANG_WARN_DEPRECATED_OBJC_IMPLEMENTATIONS = YES;
				CLANG_WARN_DIRECT_OBJC_ISA_USAGE = YES_ERROR;
				CLANG_WARN_DOCUMENTATION_COMMENTS = YES;
				CLANG_WARN_EMPTY_BODY = YES;
				CLANG_WARN_ENUM_CONVERSION = YES;
				CLANG_WARN_INFINITE_RECURSION = YES;
				CLANG_WARN_INT_CONVERSION = YES;
				CLANG_WARN_NON_LITERAL_NULL_CONVERSION = YES;
				CLANG_WARN_OBJC_IMPLICIT_RETAIN_SELF = YES;
				CLANG_WARN_OBJC_LITERAL_CONVERSION = YES;
				CLANG_WARN_OBJC_ROOT_CLASS = YES_ERROR;
				CLANG_WARN_QUOTED_INCLUDE_IN_FRAMEWORK_HEADER = YES;
				CLANG_WARN_RANGE_LOOP_ANALYSIS = YES;
				CLANG_WARN_STRICT_PROTOTYPES = YES;
				CLANG_WARN_SUSPICIOUS_MOVE = YES;
				CLANG_WARN_UNGUARDED_AVAILABILITY = YES_AGGRESSIVE;
				CLANG_WARN_UNREACHABLE_CODE = YES;
				CLANG_WARN__DUPLICATE_METHOD_MATCH = YES;
				COPY_PHASE_STRIP = NO;
				DEBUG_INFORMATION_FORMAT = dwarf;
				ENABLE_STRICT_OBJC_MSGSEND = YES;
				ENABLE_TESTABILITY = YES;
				GCC_C_LANGUAGE_STANDARD = gnu11;
				GCC_DYNAMIC_NO_PIC = NO;
				GCC_NO_COMMON_BLOCKS = YES;
				GCC_OPTIMIZATION_LEVEL = 0;
				GCC_PREPROCESSOR_DEFINITIONS = (
					"DEBUG=1",
					"$(inherited)",
				);
				GCC_WARN_64_TO_32_BIT_CONVERSION = YES;
				GCC_WARN_ABOUT_RETURN_TYPE = YES_ERROR;
				GCC_WARN_UNDECLARED_SELECTOR = YES;
				GCC_WARN_UNINITIALIZED_AUTOS = YES_AGGRESSIVE;
				GCC_WARN_UNUSED_FUNCTION = YES;
				GCC_WARN_UNUSED_VARIABLE = YES;
				IPHONEOS_DEPLOYMENT_TARGET = 16.2;
				MTL_ENABLE_DEBUG_INFO = INCLUDE_SOURCE;
				MTL_FAST_MATH = YES;
				ONLY_ACTIVE_ARCH = YES;
				SDKROOT = iphoneos;
				SWIFT_ACTIVE_COMPILATION_CONDITIONS = DEBUG;
				SWIFT_OPTIMIZATION_LEVEL = "-Onone";
			};
			name = Debug;
		};
		9D447DCA2A3EA6FE00937DA9 /* Release */ = {
			isa = XCBuildConfiguration;
			buildSettings = {
				ALWAYS_SEARCH_USER_PATHS = NO;
				CLANG_ANALYZER_NONNULL = YES;
				CLANG_ANALYZER_NUMBER_OBJECT_CONVERSION = YES_AGGRESSIVE;
				CLANG_CXX_LANGUAGE_STANDARD = "gnu++20";
				CLANG_ENABLE_MODULES = YES;
				CLANG_ENABLE_OBJC_ARC = YES;
				CLANG_ENABLE_OBJC_WEAK = YES;
				CLANG_WARN_BLOCK_CAPTURE_AUTORELEASING = YES;
				CLANG_WARN_BOOL_CONVERSION = YES;
				CLANG_WARN_COMMA = YES;
				CLANG_WARN_CONSTANT_CONVERSION = YES;
				CLANG_WARN_DEPRECATED_OBJC_IMPLEMENTATIONS = YES;
				CLANG_WARN_DIRECT_OBJC_ISA_USAGE = YES_ERROR;
				CLANG_WARN_DOCUMENTATION_COMMENTS = YES;
				CLANG_WARN_EMPTY_BODY = YES;
				CLANG_WARN_ENUM_CONVERSION = YES;
				CLANG_WARN_INFINITE_RECURSION = YES;
				CLANG_WARN_INT_CONVERSION = YES;
				CLANG_WARN_NON_LITERAL_NULL_CONVERSION = YES;
				CLANG_WARN_OBJC_IMPLICIT_RETAIN_SELF = YES;
				CLANG_WARN_OBJC_LITERAL_CONVERSION = YES;
				CLANG_WARN_OBJC_ROOT_CLASS = YES_ERROR;
				CLANG_WARN_QUOTED_INCLUDE_IN_FRAMEWORK_HEADER = YES;
				CLANG_WARN_RANGE_LOOP_ANALYSIS = YES;
				CLANG_WARN_STRICT_PROTOTYPES = YES;
				CLANG_WARN_SUSPICIOUS_MOVE = YES;
				CLANG_WARN_UNGUARDED_AVAILABILITY = YES_AGGRESSIVE;
				CLANG_WARN_UNREACHABLE_CODE = YES;
				CLANG_WARN__DUPLICATE_METHOD_MATCH = YES;
				COPY_PHASE_STRIP = NO;
				DEBUG_INFORMATION_FORMAT = "dwarf-with-dsym";
				ENABLE_NS_ASSERTIONS = NO;
				ENABLE_STRICT_OBJC_MSGSEND = YES;
				GCC_C_LANGUAGE_STANDARD = gnu11;
				GCC_NO_COMMON_BLOCKS = YES;
				GCC_WARN_64_TO_32_BIT_CONVERSION = YES;
				GCC_WARN_ABOUT_RETURN_TYPE = YES_ERROR;
				GCC_WARN_UNDECLARED_SELECTOR = YES;
				GCC_WARN_UNINITIALIZED_AUTOS = YES_AGGRESSIVE;
				GCC_WARN_UNUSED_FUNCTION = YES;
				GCC_WARN_UNUSED_VARIABLE = YES;
				IPHONEOS_DEPLOYMENT_TARGET = 16.2;
				MTL_ENABLE_DEBUG_INFO = NO;
				MTL_FAST_MATH = YES;
				SDKROOT = iphoneos;
				SWIFT_COMPILATION_MODE = wholemodule;
				SWIFT_OPTIMIZATION_LEVEL = "-O";
				VALIDATE_PRODUCT = YES;
			};
			name = Release;
		};
		9D447DCC2A3EA6FE00937DA9 /* Debug */ = {
			isa = XCBuildConfiguration;
			buildSettings = {
				ASSETCATALOG_COMPILER_APPICON_NAME = AppIcon;
				ASSETCATALOG_COMPILER_GLOBAL_ACCENT_COLOR_NAME = AccentColor;
				CODE_SIGN_STYLE = Automatic;
				CURRENT_PROJECT_VERSION = 1;
				DEVELOPMENT_TEAM = 9R8YYLT6V7;
				GENERATE_INFOPLIST_FILE = YES;
				INFOPLIST_FILE = QuickNotes/Info.plist;
				INFOPLIST_KEY_UIApplicationSupportsIndirectInputEvents = YES;
				INFOPLIST_KEY_UILaunchStoryboardName = LaunchScreen;
				INFOPLIST_KEY_UIMainStoryboardFile = Main;
				INFOPLIST_KEY_UISupportedInterfaceOrientations_iPad = "UIInterfaceOrientationPortrait UIInterfaceOrientationPortraitUpsideDown UIInterfaceOrientationLandscapeLeft UIInterfaceOrientationLandscapeRight";
				INFOPLIST_KEY_UISupportedInterfaceOrientations_iPhone = "UIInterfaceOrientationPortrait UIInterfaceOrientationLandscapeLeft UIInterfaceOrientationLandscapeRight";
				LD_RUNPATH_SEARCH_PATHS = (
					"$(inherited)",
					"@executable_path/Frameworks",
				);
				MARKETING_VERSION = 1.0;
				PRODUCT_BUNDLE_IDENTIFIER = "Dare-Fasugba.QuickNotes";
				PRODUCT_NAME = "$(TARGET_NAME)";
				SWIFT_EMIT_LOC_STRINGS = YES;
				SWIFT_VERSION = 5.0;
				TARGETED_DEVICE_FAMILY = "1,2";
			};
			name = Debug;
		};
		9D447DCD2A3EA6FE00937DA9 /* Release */ = {
			isa = XCBuildConfiguration;
			buildSettings = {
				ASSETCATALOG_COMPILER_APPICON_NAME = AppIcon;
				ASSETCATALOG_COMPILER_GLOBAL_ACCENT_COLOR_NAME = AccentColor;
				CODE_SIGN_STYLE = Automatic;
				CURRENT_PROJECT_VERSION = 1;
				DEVELOPMENT_TEAM = 9R8YYLT6V7;
				GENERATE_INFOPLIST_FILE = YES;
				INFOPLIST_FILE = QuickNotes/Info.plist;
				INFOPLIST_KEY_UIApplicationSupportsIndirectInputEvents = YES;
				INFOPLIST_KEY_UILaunchStoryboardName = LaunchScreen;
				INFOPLIST_KEY_UIMainStoryboardFile = Main;
				INFOPLIST_KEY_UISupportedInterfaceOrientations_iPad = "UIInterfaceOrientationPortrait UIInterfaceOrientationPortraitUpsideDown UIInterfaceOrientationLandscapeLeft UIInterfaceOrientationLandscapeRight";
				INFOPLIST_KEY_UISupportedInterfaceOrientations_iPhone = "UIInterfaceOrientationPortrait UIInterfaceOrientationLandscapeLeft UIInterfaceOrientationLandscapeRight";
				LD_RUNPATH_SEARCH_PATHS = (
					"$(inherited)",
					"@executable_path/Frameworks",
				);
				MARKETING_VERSION = 1.0;
				PRODUCT_BUNDLE_IDENTIFIER = "Dare-Fasugba.QuickNotes";
				PRODUCT_NAME = "$(TARGET_NAME)";
				SWIFT_EMIT_LOC_STRINGS = YES;
				SWIFT_VERSION = 5.0;
				TARGETED_DEVICE_FAMILY = "1,2";
			};
			name = Release;
		};
/* End XCBuildConfiguration section */

/* Begin XCConfigurationList section */
		9D447DAF2A3EA6FC00937DA9 /* Build configuration list for PBXProject "QuickNotes" */ = {
			isa = XCConfigurationList;
			buildConfigurations = (
				9D447DC92A3EA6FE00937DA9 /* Debug */,
				9D447DCA2A3EA6FE00937DA9 /* Release */,
			);
			defaultConfigurationIsVisible = 0;
			defaultConfigurationName = Release;
		};
		9D447DCB2A3EA6FE00937DA9 /* Build configuration list for PBXNativeTarget "QuickNotes" */ = {
			isa = XCConfigurationList;
			buildConfigurations = (
				9D447DCC2A3EA6FE00937DA9 /* Debug */,
				9D447DCD2A3EA6FE00937DA9 /* Release */,
			);
			defaultConfigurationIsVisible = 0;
			defaultConfigurationName = Release;
		};
/* End XCConfigurationList section */

/* Begin XCRemoteSwiftPackageReference section */
		9D0F1E3F2A44FA5E00BD3620 /* XCRemoteSwiftPackageReference "OpenAISwift" */ = {
			isa = XCRemoteSwiftPackageReference;
			repositoryURL = "https://github.com/adamrushy/OpenAISwift";
			requirement = {
				kind = upToNextMajorVersion;
				minimumVersion = 1.0.0;
			};
		};
/* End XCRemoteSwiftPackageReference section */

/* Begin XCSwiftPackageProductDependency section */
		9D0F1E402A44FA5E00BD3620 /* OpenAISwift */ = {
			isa = XCSwiftPackageProductDependency;
			package = 9D0F1E3F2A44FA5E00BD3620 /* XCRemoteSwiftPackageReference "OpenAISwift" */;
			productName = OpenAISwift;
		};
/* End XCSwiftPackageProductDependency section */

/* Begin XCVersionGroup section */
		9D447DC02A3EA6FC00937DA9 /* QuickNotes.xcdatamodeld */ = {
			isa = XCVersionGroup;
			children = (
				9D447DC12A3EA6FC00937DA9 /* QuickNotes.xcdatamodel */,
			);
			currentVersion = 9D447DC12A3EA6FC00937DA9 /* QuickNotes.xcdatamodel */;
			path = QuickNotes.xcdatamodeld;
			sourceTree = "<group>";
			versionGroupType = wrapper.xcdatamodel;
		};
/* End XCVersionGroup section */
	};
	rootObject = 9D447DAC2A3EA6FB00937DA9 /* Project object */;
}
